// !$*UTF8*$!
{
	archiveVersion = 1;
	classes = {
	};
	objectVersion = 50;
	objects = {

/* Begin PBXBuildFile section */
		3B4540DE252FB18A005AAA96 /* AppDelegate.swift in Sources */ = {isa = PBXBuildFile; fileRef = 3B4540DD252FB18A005AAA96 /* AppDelegate.swift */; };
		3B4540E0252FB18A005AAA96 /* ContentView.swift in Sources */ = {isa = PBXBuildFile; fileRef = 3B4540DF252FB18A005AAA96 /* ContentView.swift */; };
		3B4540E2252FB18C005AAA96 /* Assets.xcassets in Resources */ = {isa = PBXBuildFile; fileRef = 3B4540E1252FB18C005AAA96 /* Assets.xcassets */; };
		3B4540E5252FB18C005AAA96 /* Preview Assets.xcassets in Resources */ = {isa = PBXBuildFile; fileRef = 3B4540E4252FB18C005AAA96 /* Preview Assets.xcassets */; };
		3B4540E8252FB18C005AAA96 /* Main.storyboard in Resources */ = {isa = PBXBuildFile; fileRef = 3B4540E6252FB18C005AAA96 /* Main.storyboard */; };
		3B6617B125321F2100975E72 /* TimerState.swift in Sources */ = {isa = PBXBuildFile; fileRef = 3B6617B025321F2100975E72 /* TimerState.swift */; };
		3B6617B425321F2C00975E72 /* TimerType.swift in Sources */ = {isa = PBXBuildFile; fileRef = 3B6617B325321F2C00975E72 /* TimerType.swift */; };
		3B8F50CF2538FCBC00D7123D /* TimerView.swift in Sources */ = {isa = PBXBuildFile; fileRef = 3B8F50CE2538FCBC00D7123D /* TimerView.swift */; };
/* End PBXBuildFile section */

/* Begin PBXFileReference section */
		3B4540DA252FB18A005AAA96 /* PomodoroInspiration.app */ = {isa = PBXFileReference; explicitFileType = wrapper.application; includeInIndex = 0; path = PomodoroInspiration.app; sourceTree = BUILT_PRODUCTS_DIR; };
		3B4540DD252FB18A005AAA96 /* AppDelegate.swift */ = {isa = PBXFileReference; lastKnownFileType = sourcecode.swift; path = AppDelegate.swift; sourceTree = "<group>"; };
		3B4540DF252FB18A005AAA96 /* ContentView.swift */ = {isa = PBXFileReference; lastKnownFileType = sourcecode.swift; path = ContentView.swift; sourceTree = "<group>"; };
		3B4540E1252FB18C005AAA96 /* Assets.xcassets */ = {isa = PBXFileReference; lastKnownFileType = folder.assetcatalog; path = Assets.xcassets; sourceTree = "<group>"; };
		3B4540E4252FB18C005AAA96 /* Preview Assets.xcassets */ = {isa = PBXFileReference; lastKnownFileType = folder.assetcatalog; path = "Preview Assets.xcassets"; sourceTree = "<group>"; };
		3B4540E7252FB18C005AAA96 /* Base */ = {isa = PBXFileReference; lastKnownFileType = file.storyboard; name = Base; path = Base.lproj/Main.storyboard; sourceTree = "<group>"; };
		3B4540E9252FB18C005AAA96 /* Info.plist */ = {isa = PBXFileReference; lastKnownFileType = text.plist.xml; path = Info.plist; sourceTree = "<group>"; };
		3B4540EA252FB18C005AAA96 /* PomodoroInspiration.entitlements */ = {isa = PBXFileReference; lastKnownFileType = text.plist.entitlements; path = PomodoroInspiration.entitlements; sourceTree = "<group>"; };
		3B6617B025321F2100975E72 /* TimerState.swift */ = {isa = PBXFileReference; lastKnownFileType = sourcecode.swift; path = TimerState.swift; sourceTree = "<group>"; };
		3B6617B325321F2C00975E72 /* TimerType.swift */ = {isa = PBXFileReference; lastKnownFileType = sourcecode.swift; path = TimerType.swift; sourceTree = "<group>"; };
		3B8F50CE2538FCBC00D7123D /* TimerView.swift */ = {isa = PBXFileReference; lastKnownFileType = sourcecode.swift; path = TimerView.swift; sourceTree = "<group>"; };
/* End PBXFileReference section */

/* Begin PBXFrameworksBuildPhase section */
		3B4540D7252FB18A005AAA96 /* Frameworks */ = {
			isa = PBXFrameworksBuildPhase;
			buildActionMask = 2147483647;
			files = (
			);
			runOnlyForDeploymentPostprocessing = 0;
		};
/* End PBXFrameworksBuildPhase section */

/* Begin PBXGroup section */
		3B4540D1252FB18A005AAA96 = {
			isa = PBXGroup;
			children = (
				3B4540DC252FB18A005AAA96 /* PomodoroInspiration */,
				3B4540DB252FB18A005AAA96 /* Products */,
			);
			sourceTree = "<group>";
		};
		3B4540DB252FB18A005AAA96 /* Products */ = {
			isa = PBXGroup;
			children = (
				3B4540DA252FB18A005AAA96 /* PomodoroInspiration.app */,
			);
			name = Products;
			sourceTree = "<group>";
		};
		3B4540DC252FB18A005AAA96 /* PomodoroInspiration */ = {
			isa = PBXGroup;
			children = (
				3B4540DD252FB18A005AAA96 /* AppDelegate.swift */,
				3B6617B625321F8A00975E72 /* enums */,
				3B4540F2252FB8A0005AAA96 /* Views */,
				3B4540E1252FB18C005AAA96 /* Assets.xcassets */,
				3B4540E6252FB18C005AAA96 /* Main.storyboard */,
				3B4540E9252FB18C005AAA96 /* Info.plist */,
				3B4540EA252FB18C005AAA96 /* PomodoroInspiration.entitlements */,
				3B4540E3252FB18C005AAA96 /* Preview Content */,
			);
			path = PomodoroInspiration;
			sourceTree = "<group>";
		};
		3B4540E3252FB18C005AAA96 /* Preview Content */ = {
			isa = PBXGroup;
			children = (
				3B4540E4252FB18C005AAA96 /* Preview Assets.xcassets */,
			);
			path = "Preview Content";
			sourceTree = "<group>";
		};
		3B4540F2252FB8A0005AAA96 /* Views */ = {
			isa = PBXGroup;
			children = (
				3B4540DF252FB18A005AAA96 /* ContentView.swift */,
				3B8F50CE2538FCBC00D7123D /* TimerView.swift */,
			);
			path = Views;
			sourceTree = "<group>";
		};
		3B6617B625321F8A00975E72 /* enums */ = {
			isa = PBXGroup;
			children = (
				3B6617B025321F2100975E72 /* TimerState.swift */,
				3B6617B325321F2C00975E72 /* TimerType.swift */,
			);
			path = enums;
			sourceTree = "<group>";
		};
/* End PBXGroup section */

/* Begin PBXNativeTarget section */
		3B4540D9252FB18A005AAA96 /* PomodoroInspiration */ = {
			isa = PBXNativeTarget;
			buildConfigurationList = 3B4540ED252FB18C005AAA96 /* Build configuration list for PBXNativeTarget "PomodoroInspiration" */;
			buildPhases = (
				3B4540D6252FB18A005AAA96 /* Sources */,
				3B4540D7252FB18A005AAA96 /* Frameworks */,
				3B4540D8252FB18A005AAA96 /* Resources */,
			);
			buildRules = (
			);
			dependencies = (
			);
			name = PomodoroInspiration;
			productName = PomodoroInspiration;
			productReference = 3B4540DA252FB18A005AAA96 /* PomodoroInspiration.app */;
			productType = "com.apple.product-type.application";
		};
/* End PBXNativeTarget section */

/* Begin PBXProject section */
		3B4540D2252FB18A005AAA96 /* Project object */ = {
			isa = PBXProject;
			attributes = {
				LastSwiftUpdateCheck = 1200;
				LastUpgradeCheck = 1200;
				TargetAttributes = {
					3B4540D9252FB18A005AAA96 = {
						CreatedOnToolsVersion = 12.0.1;
					};
				};
			};
			buildConfigurationList = 3B4540D5252FB18A005AAA96 /* Build configuration list for PBXProject "PomodoroInspiration" */;
			compatibilityVersion = "Xcode 9.3";
			developmentRegion = en;
			hasScannedForEncodings = 0;
			knownRegions = (
				en,
				Base,
			);
			mainGroup = 3B4540D1252FB18A005AAA96;
			productRefGroup = 3B4540DB252FB18A005AAA96 /* Products */;
			projectDirPath = "";
			projectRoot = "";
			targets = (
				3B4540D9252FB18A005AAA96 /* PomodoroInspiration */,
			);
		};
/* End PBXProject section */

/* Begin PBXResourcesBuildPhase section */
		3B4540D8252FB18A005AAA96 /* Resources */ = {
			isa = PBXResourcesBuildPhase;
			buildActionMask = 2147483647;
			files = (
				3B4540E8252FB18C005AAA96 /* Main.storyboard in Resources */,
				3B4540E5252FB18C005AAA96 /* Preview Assets.xcassets in Resources */,
				3B4540E2252FB18C005AAA96 /* Assets.xcassets in Resources */,
			);
			runOnlyForDeploymentPostprocessing = 0;
		};
/* End PBXResourcesBuildPhase section */

/* Begin PBXSourcesBuildPhase section */
		3B4540D6252FB18A005AAA96 /* Sources */ = {
			isa = PBXSourcesBuildPhase;
			buildActionMask = 2147483647;
			files = (
				3B8F50CF2538FCBC00D7123D /* TimerView.swift in Sources */,
				3B4540E0252FB18A005AAA96 /* ContentView.swift in Sources */,
				3B6617B425321F2C00975E72 /* TimerType.swift in Sources */,
				3B6617B125321F2100975E72 /* TimerState.swift in Sources */,
				3B4540DE252FB18A005AAA96 /* AppDelegate.swift in Sources */,
			);
			runOnlyForDeploymentPostprocessing = 0;
		};
/* End PBXSourcesBuildPhase section */

/* Begin PBXVariantGroup section */
		3B4540E6252FB18C005AAA96 /* Main.storyboard */ = {
			isa = PBXVariantGroup;
			children = (
				3B4540E7252FB18C005AAA96 /* Base */,
			);
			name = Main.storyboard;
			sourceTree = "<group>";
		};
/* End PBXVariantGroup section */

/* Begin XCBuildConfiguration section */
		3B4540EB252FB18C005AAA96 /* Debug */ = {
			isa = XCBuildConfiguration;
			buildSettings = {
				ALWAYS_SEARCH_USER_PATHS = NO;
				CLANG_ANALYZER_NONNULL = YES;
				CLANG_ANALYZER_NUMBER_OBJECT_CONVERSION = YES_AGGRESSIVE;
				CLANG_CXX_LANGUAGE_STANDARD = "gnu++14";
				CLANG_CXX_LIBRARY = "libc++";
				CLANG_ENABLE_MODULES = YES;
				CLANG_ENABLE_OBJC_ARC = YES;
				CLANG_ENABLE_OBJC_WEAK = YES;
				CLANG_WARN_BLOCK_CAPTURE_AUTORELEASING = YES;
				CLANG_WARN_BOOL_CONVERSION = YES;
				CLANG_WARN_COMMA = YES;
				CLANG_WARN_CONSTANT_CONVERSION = YES;
				CLANG_WARN_DEPRECATED_OBJC_IMPLEMENTATIONS = YES;
				CLANG_WARN_DIRECT_OBJC_ISA_USAGE = YES_ERROR;
				CLANG_WARN_DOCUMENTATION_COMMENTS = YES;
				CLANG_WARN_EMPTY_BODY = YES;
				CLANG_WARN_ENUM_CONVERSION = YES;
				CLANG_WARN_INFINITE_RECURSION = YES;
				CLANG_WARN_INT_CONVERSION = YES;
				CLANG_WARN_NON_LITERAL_NULL_CONVERSION = YES;
				CLANG_WARN_OBJC_IMPLICIT_RETAIN_SELF = YES;
				CLANG_WARN_OBJC_LITERAL_CONVERSION = YES;
				CLANG_WARN_OBJC_ROOT_CLASS = YES_ERROR;
				CLANG_WARN_QUOTED_INCLUDE_IN_FRAMEWORK_HEADER = YES;
				CLANG_WARN_RANGE_LOOP_ANALYSIS = YES;
				CLANG_WARN_STRICT_PROTOTYPES = YES;
				CLANG_WARN_SUSPICIOUS_MOVE = YES;
				CLANG_WARN_UNGUARDED_AVAILABILITY = YES_AGGRESSIVE;
				CLANG_WARN_UNREACHABLE_CODE = YES;
				CLANG_WARN__DUPLICATE_METHOD_MATCH = YES;
				COPY_PHASE_STRIP = NO;
				DEBUG_INFORMATION_FORMAT = dwarf;
				ENABLE_STRICT_OBJC_MSGSEND = YES;
				ENABLE_TESTABILITY = YES;
				GCC_C_LANGUAGE_STANDARD = gnu11;
				GCC_DYNAMIC_NO_PIC = NO;
				GCC_NO_COMMON_BLOCKS = YES;
				GCC_OPTIMIZATION_LEVEL = 0;
				GCC_PREPROCESSOR_DEFINITIONS = (
					"DEBUG=1",
					"$(inherited)",
				);
				GCC_WARN_64_TO_32_BIT_CONVERSION = YES;
				GCC_WARN_ABOUT_RETURN_TYPE = YES_ERROR;
				GCC_WARN_UNDECLARED_SELECTOR = YES;
				GCC_WARN_UNINITIALIZED_AUTOS = YES_AGGRESSIVE;
				GCC_WARN_UNUSED_FUNCTION = YES;
				GCC_WARN_UNUSED_VARIABLE = YES;
				MACOSX_DEPLOYMENT_TARGET = 10.15;
				MTL_ENABLE_DEBUG_INFO = INCLUDE_SOURCE;
				MTL_FAST_MATH = YES;
				ONLY_ACTIVE_ARCH = YES;
				SDKROOT = macosx;
				SWIFT_ACTIVE_COMPILATION_CONDITIONS = DEBUG;
				SWIFT_OPTIMIZATION_LEVEL = "-Onone";
			};
			name = Debug;
		};
		3B4540EC252FB18C005AAA96 /* Release */ = {
			isa = XCBuildConfiguration;
			buildSettings = {
				ALWAYS_SEARCH_USER_PATHS = NO;
				CLANG_ANALYZER_NONNULL = YES;
				CLANG_ANALYZER_NUMBER_OBJECT_CONVERSION = YES_AGGRESSIVE;
				CLANG_CXX_LANGUAGE_STANDARD = "gnu++14";
				CLANG_CXX_LIBRARY = "libc++";
				CLANG_ENABLE_MODULES = YES;
				CLANG_ENABLE_OBJC_ARC = YES;
				CLANG_ENABLE_OBJC_WEAK = YES;
				CLANG_WARN_BLOCK_CAPTURE_AUTORELEASING = YES;
				CLANG_WARN_BOOL_CONVERSION = YES;
				CLANG_WARN_COMMA = YES;
				CLANG_WARN_CONSTANT_CONVERSION = YES;
				CLANG_WARN_DEPRECATED_OBJC_IMPLEMENTATIONS = YES;
				CLANG_WARN_DIRECT_OBJC_ISA_USAGE = YES_ERROR;
				CLANG_WARN_DOCUMENTATION_COMMENTS = YES;
				CLANG_WARN_EMPTY_BODY = YES;
				CLANG_WARN_ENUM_CONVERSION = YES;
				CLANG_WARN_INFINITE_RECURSION = YES;
				CLANG_WARN_INT_CONVERSION = YES;
				CLANG_WARN_NON_LITERAL_NULL_CONVERSION = YES;
				CLANG_WARN_OBJC_IMPLICIT_RETAIN_SELF = YES;
				CLANG_WARN_OBJC_LITERAL_CONVERSION = YES;
				CLANG_WARN_OBJC_ROOT_CLASS = YES_ERROR;
				CLANG_WARN_QUOTED_INCLUDE_IN_FRAMEWORK_HEADER = YES;
				CLANG_WARN_RANGE_LOOP_ANALYSIS = YES;
				CLANG_WARN_STRICT_PROTOTYPES = YES;
				CLANG_WARN_SUSPICIOUS_MOVE = YES;
				CLANG_WARN_UNGUARDED_AVAILABILITY = YES_AGGRESSIVE;
				CLANG_WARN_UNREACHABLE_CODE = YES;
				CLANG_WARN__DUPLICATE_METHOD_MATCH = YES;
				COPY_PHASE_STRIP = NO;
				DEBUG_INFORMATION_FORMAT = "dwarf-with-dsym";
				ENABLE_NS_ASSERTIONS = NO;
				ENABLE_STRICT_OBJC_MSGSEND = YES;
				GCC_C_LANGUAGE_STANDARD = gnu11;
				GCC_NO_COMMON_BLOCKS = YES;
				GCC_WARN_64_TO_32_BIT_CONVERSION = YES;
				GCC_WARN_ABOUT_RETURN_TYPE = YES_ERROR;
				GCC_WARN_UNDECLARED_SELECTOR = YES;
				GCC_WARN_UNINITIALIZED_AUTOS = YES_AGGRESSIVE;
				GCC_WARN_UNUSED_FUNCTION = YES;
				GCC_WARN_UNUSED_VARIABLE = YES;
				MACOSX_DEPLOYMENT_TARGET = 10.15;
				MTL_ENABLE_DEBUG_INFO = NO;
				MTL_FAST_MATH = YES;
				SDKROOT = macosx;
				SWIFT_COMPILATION_MODE = wholemodule;
				SWIFT_OPTIMIZATION_LEVEL = "-O";
			};
			name = Release;
		};
		3B4540EE252FB18C005AAA96 /* Debug */ = {
			isa = XCBuildConfiguration;
			buildSettings = {
				ASSETCATALOG_COMPILER_APPICON_NAME = AppIcon;
				ASSETCATALOG_COMPILER_GLOBAL_ACCENT_COLOR_NAME = AccentColor;
				CODE_SIGN_ENTITLEMENTS = PomodoroInspiration/PomodoroInspiration.entitlements;
				CODE_SIGN_STYLE = Automatic;
				COMBINE_HIDPI_IMAGES = YES;
				DEVELOPMENT_ASSET_PATHS = "\"PomodoroInspiration/Preview Content\"";
				DEVELOPMENT_TEAM = 97AS6JS382;
				ENABLE_HARDENED_RUNTIME = YES;
				ENABLE_PREVIEWS = YES;
				INFOPLIST_FILE = PomodoroInspiration/Info.plist;
				LD_RUNPATH_SEARCH_PATHS = (
					"$(inherited)",
					"@executable_path/../Frameworks",
				);
				MACOSX_DEPLOYMENT_TARGET = 10.15;
				PRODUCT_BUNDLE_IDENTIFIER = com.hectorstevenvillasano.PomodoroInspiration;
				PRODUCT_NAME = "$(TARGET_NAME)";
				SWIFT_VERSION = 5.0;
			};
			name = Debug;
		};
		3B4540EF252FB18C005AAA96 /* Release */ = {
			isa = XCBuildConfiguration;
			buildSettings = {
				ASSETCATALOG_COMPILER_APPICON_NAME = AppIcon;
				ASSETCATALOG_COMPILER_GLOBAL_ACCENT_COLOR_NAME = AccentColor;
				CODE_SIGN_ENTITLEMENTS = PomodoroInspiration/PomodoroInspiration.entitlements;
				CODE_SIGN_STYLE = Automatic;
				COMBINE_HIDPI_IMAGES = YES;
				DEVELOPMENT_ASSET_PATHS = "\"PomodoroInspiration/Preview Content\"";
				DEVELOPMENT_TEAM = 97AS6JS382;
				ENABLE_HARDENED_RUNTIME = YES;
				ENABLE_PREVIEWS = YES;
				INFOPLIST_FILE = PomodoroInspiration/Info.plist;
				LD_RUNPATH_SEARCH_PATHS = (
					"$(inherited)",
					"@executable_path/../Frameworks",
				);
				MACOSX_DEPLOYMENT_TARGET = 10.15;
				PRODUCT_BUNDLE_IDENTIFIER = com.hectorstevenvillasano.PomodoroInspiration;
				PRODUCT_NAME = "$(TARGET_NAME)";
				SWIFT_VERSION = 5.0;
			};
			name = Release;
		};
/* End XCBuildConfiguration section */

/* Begin XCConfigurationList section */
		3B4540D5252FB18A005AAA96 /* Build configuration list for PBXProject "PomodoroInspiration" */ = {
			isa = XCConfigurationList;
			buildConfigurations = (
				3B4540EB252FB18C005AAA96 /* Debug */,
				3B4540EC252FB18C005AAA96 /* Release */,
			);
			defaultConfigurationIsVisible = 0;
			defaultConfigurationName = Release;
		};
		3B4540ED252FB18C005AAA96 /* Build configuration list for PBXNativeTarget "PomodoroInspiration" */ = {
			isa = XCConfigurationList;
			buildConfigurations = (
				3B4540EE252FB18C005AAA96 /* Debug */,
				3B4540EF252FB18C005AAA96 /* Release */,
			);
			defaultConfigurationIsVisible = 0;
			defaultConfigurationName = Release;
		};
/* End XCConfigurationList section */
	};
	rootObject = 3B4540D2252FB18A005AAA96 /* Project object */;
}
